// !$*UTF8*$!
{
	archiveVersion = 1;
	classes = {
	};
	objectVersion = 55;
	objects = {

/* Begin PBXBuildFile section */
		9FEC6DA328B469880056914B /* SwiftyForms.docc in Sources */ = {isa = PBXBuildFile; fileRef = 9FEC6DA228B469880056914B /* SwiftyForms.docc */; };
		9FEC6DA928B469880056914B /* SwiftyForms.framework in Frameworks */ = {isa = PBXBuildFile; fileRef = 9FEC6D9E28B469880056914B /* SwiftyForms.framework */; };
		9FEC6DAE28B469880056914B /* SwiftyFormsTests.swift in Sources */ = {isa = PBXBuildFile; fileRef = 9FEC6DAD28B469880056914B /* SwiftyFormsTests.swift */; };
		9FEC6DAF28B469880056914B /* SwiftyForms.h in Headers */ = {isa = PBXBuildFile; fileRef = 9FEC6DA128B469880056914B /* SwiftyForms.h */; settings = {ATTRIBUTES = (Public, ); }; };
/* End PBXBuildFile section */

/* Begin PBXContainerItemProxy section */
		9FEC6DAA28B469880056914B /* PBXContainerItemProxy */ = {
			isa = PBXContainerItemProxy;
			containerPortal = 9FEC6D9528B469880056914B /* Project object */;
			proxyType = 1;
			remoteGlobalIDString = 9FEC6D9D28B469880056914B;
			remoteInfo = SwiftyForms;
		};
/* End PBXContainerItemProxy section */

/* Begin PBXFileReference section */
		9FEC6D9E28B469880056914B /* SwiftyForms.framework */ = {isa = PBXFileReference; explicitFileType = wrapper.framework; includeInIndex = 0; path = SwiftyForms.framework; sourceTree = BUILT_PRODUCTS_DIR; };
		9FEC6DA128B469880056914B /* SwiftyForms.h */ = {isa = PBXFileReference; lastKnownFileType = sourcecode.c.h; path = SwiftyForms.h; sourceTree = "<group>"; };
		9FEC6DA228B469880056914B /* SwiftyForms.docc */ = {isa = PBXFileReference; lastKnownFileType = folder.documentationcatalog; path = SwiftyForms.docc; sourceTree = "<group>"; };
		9FEC6DA828B469880056914B /* SwiftyFormsTests.xctest */ = {isa = PBXFileReference; explicitFileType = wrapper.cfbundle; includeInIndex = 0; path = SwiftyFormsTests.xctest; sourceTree = BUILT_PRODUCTS_DIR; };
		9FEC6DAD28B469880056914B /* SwiftyFormsTests.swift */ = {isa = PBXFileReference; lastKnownFileType = sourcecode.swift; path = SwiftyFormsTests.swift; sourceTree = "<group>"; };
/* End PBXFileReference section */

/* Begin PBXFrameworksBuildPhase section */
		9FEC6D9B28B469880056914B /* Frameworks */ = {
			isa = PBXFrameworksBuildPhase;
			buildActionMask = 2147483647;
			files = (
			);
			runOnlyForDeploymentPostprocessing = 0;
		};
		9FEC6DA528B469880056914B /* Frameworks */ = {
			isa = PBXFrameworksBuildPhase;
			buildActionMask = 2147483647;
			files = (
				9FEC6DA928B469880056914B /* SwiftyForms.framework in Frameworks */,
			);
			runOnlyForDeploymentPostprocessing = 0;
		};
/* End PBXFrameworksBuildPhase section */

/* Begin PBXGroup section */
		9FEC6D9428B469880056914B = {
			isa = PBXGroup;
			children = (
				9FEC6DA028B469880056914B /* SwiftyForms */,
				9FEC6DAC28B469880056914B /* SwiftyFormsTests */,
				9FEC6D9F28B469880056914B /* Products */,
			);
			sourceTree = "<group>";
		};
		9FEC6D9F28B469880056914B /* Products */ = {
			isa = PBXGroup;
			children = (
				9FEC6D9E28B469880056914B /* SwiftyForms.framework */,
				9FEC6DA828B469880056914B /* SwiftyFormsTests.xctest */,
			);
			name = Products;
			sourceTree = "<group>";
		};
		9FEC6DA028B469880056914B /* SwiftyForms */ = {
			isa = PBXGroup;
			children = (
				9FEC6DA128B469880056914B /* SwiftyForms.h */,
				9FEC6DA228B469880056914B /* SwiftyForms.docc */,
			);
			path = SwiftyForms;
			sourceTree = "<group>";
		};
		9FEC6DAC28B469880056914B /* SwiftyFormsTests */ = {
			isa = PBXGroup;
			children = (
				9FEC6DAD28B469880056914B /* SwiftyFormsTests.swift */,
			);
			path = SwiftyFormsTests;
			sourceTree = "<group>";
		};
/* End PBXGroup section */

/* Begin PBXHeadersBuildPhase section */
		9FEC6D9928B469880056914B /* Headers */ = {
			isa = PBXHeadersBuildPhase;
			buildActionMask = 2147483647;
			files = (
				9FEC6DAF28B469880056914B /* SwiftyForms.h in Headers */,
			);
			runOnlyForDeploymentPostprocessing = 0;
		};
/* End PBXHeadersBuildPhase section */

/* Begin PBXNativeTarget section */
		9FEC6D9D28B469880056914B /* SwiftyForms */ = {
			isa = PBXNativeTarget;
			buildConfigurationList = 9FEC6DB228B469880056914B /* Build configuration list for PBXNativeTarget "SwiftyForms" */;
			buildPhases = (
				9FEC6D9928B469880056914B /* Headers */,
				9FEC6D9A28B469880056914B /* Sources */,
				9FEC6D9B28B469880056914B /* Frameworks */,
				9FEC6D9C28B469880056914B /* Resources */,
			);
			buildRules = (
			);
			dependencies = (
			);
			name = SwiftyForms;
			productName = SwiftyForms;
			productReference = 9FEC6D9E28B469880056914B /* SwiftyForms.framework */;
			productType = "com.apple.product-type.framework";
		};
		9FEC6DA728B469880056914B /* SwiftyFormsTests */ = {
			isa = PBXNativeTarget;
			buildConfigurationList = 9FEC6DB528B469880056914B /* Build configuration list for PBXNativeTarget "SwiftyFormsTests" */;
			buildPhases = (
				9FEC6DA428B469880056914B /* Sources */,
				9FEC6DA528B469880056914B /* Frameworks */,
				9FEC6DA628B469880056914B /* Resources */,
			);
			buildRules = (
			);
			dependencies = (
				9FEC6DAB28B469880056914B /* PBXTargetDependency */,
			);
			name = SwiftyFormsTests;
			productName = SwiftyFormsTests;
			productReference = 9FEC6DA828B469880056914B /* SwiftyFormsTests.xctest */;
			productType = "com.apple.product-type.bundle.unit-test";
		};
/* End PBXNativeTarget section */

/* Begin PBXProject section */
		9FEC6D9528B469880056914B /* Project object */ = {
			isa = PBXProject;
			attributes = {
				BuildIndependentTargetsInParallel = 1;
				LastSwiftUpdateCheck = 1340;
				LastUpgradeCheck = 1340;
				TargetAttributes = {
					9FEC6D9D28B469880056914B = {
						CreatedOnToolsVersion = 13.4;
					};
					9FEC6DA728B469880056914B = {
						CreatedOnToolsVersion = 13.4;
					};
				};
			};
			buildConfigurationList = 9FEC6D9828B469880056914B /* Build configuration list for PBXProject "SwiftyForms" */;
			compatibilityVersion = "Xcode 13.0";
			developmentRegion = en;
			hasScannedForEncodings = 0;
			knownRegions = (
				en,
				Base,
			);
			mainGroup = 9FEC6D9428B469880056914B;
			productRefGroup = 9FEC6D9F28B469880056914B /* Products */;
			projectDirPath = "";
			projectRoot = "";
			targets = (
				9FEC6D9D28B469880056914B /* SwiftyForms */,
				9FEC6DA728B469880056914B /* SwiftyFormsTests */,
			);
		};
/* End PBXProject section */

/* Begin PBXResourcesBuildPhase section */
		9FEC6D9C28B469880056914B /* Resources */ = {
			isa = PBXResourcesBuildPhase;
			buildActionMask = 2147483647;
			files = (
			);
			runOnlyForDeploymentPostprocessing = 0;
		};
		9FEC6DA628B469880056914B /* Resources */ = {
			isa = PBXResourcesBuildPhase;
			buildActionMask = 2147483647;
			files = (
			);
			runOnlyForDeploymentPostprocessing = 0;
		};
/* End PBXResourcesBuildPhase section */

/* Begin PBXSourcesBuildPhase section */
		9FEC6D9A28B469880056914B /* Sources */ = {
			isa = PBXSourcesBuildPhase;
			buildActionMask = 2147483647;
			files = (
				9FEC6DA328B469880056914B /* SwiftyForms.docc in Sources */,
			);
			runOnlyForDeploymentPostprocessing = 0;
		};
		9FEC6DA428B469880056914B /* Sources */ = {
			isa = PBXSourcesBuildPhase;
			buildActionMask = 2147483647;
			files = (
				9FEC6DAE28B469880056914B /* SwiftyFormsTests.swift in Sources */,
			);
			runOnlyForDeploymentPostprocessing = 0;
		};
/* End PBXSourcesBuildPhase section */

/* Begin PBXTargetDependency section */
		9FEC6DAB28B469880056914B /* PBXTargetDependency */ = {
			isa = PBXTargetDependency;
			target = 9FEC6D9D28B469880056914B /* SwiftyForms */;
			targetProxy = 9FEC6DAA28B469880056914B /* PBXContainerItemProxy */;
		};
/* End PBXTargetDependency section */

/* Begin XCBuildConfiguration section */
		9FEC6DB028B469880056914B /* Debug */ = {
			isa = XCBuildConfiguration;
			buildSettings = {
				ALWAYS_SEARCH_USER_PATHS = NO;
				CLANG_ANALYZER_NONNULL = YES;
				CLANG_ANALYZER_NUMBER_OBJECT_CONVERSION = YES_AGGRESSIVE;
				CLANG_CXX_LANGUAGE_STANDARD = "gnu++17";
				CLANG_ENABLE_MODULES = YES;
				CLANG_ENABLE_OBJC_ARC = YES;
				CLANG_ENABLE_OBJC_WEAK = YES;
				CLANG_WARN_BLOCK_CAPTURE_AUTORELEASING = YES;
				CLANG_WARN_BOOL_CONVERSION = YES;
				CLANG_WARN_COMMA = YES;
				CLANG_WARN_CONSTANT_CONVERSION = YES;
				CLANG_WARN_DEPRECATED_OBJC_IMPLEMENTATIONS = YES;
				CLANG_WARN_DIRECT_OBJC_ISA_USAGE = YES_ERROR;
				CLANG_WARN_DOCUMENTATION_COMMENTS = YES;
				CLANG_WARN_EMPTY_BODY = YES;
				CLANG_WARN_ENUM_CONVERSION = YES;
				CLANG_WARN_INFINITE_RECURSION = YES;
				CLANG_WARN_INT_CONVERSION = YES;
				CLANG_WARN_NON_LITERAL_NULL_CONVERSION = YES;
				CLANG_WARN_OBJC_IMPLICIT_RETAIN_SELF = YES;
				CLANG_WARN_OBJC_LITERAL_CONVERSION = YES;
				CLANG_WARN_OBJC_ROOT_CLASS = YES_ERROR;
				CLANG_WARN_QUOTED_INCLUDE_IN_FRAMEWORK_HEADER = YES;
				CLANG_WARN_RANGE_LOOP_ANALYSIS = YES;
				CLANG_WARN_STRICT_PROTOTYPES = YES;
				CLANG_WARN_SUSPICIOUS_MOVE = YES;
				CLANG_WARN_UNGUARDED_AVAILABILITY = YES_AGGRESSIVE;
				CLANG_WARN_UNREACHABLE_CODE = YES;
				CLANG_WARN__DUPLICATE_METHOD_MATCH = YES;
				COPY_PHASE_STRIP = NO;
				CURRENT_PROJECT_VERSION = 1;
				DEBUG_INFORMATION_FORMAT = dwarf;
				ENABLE_STRICT_OBJC_MSGSEND = YES;
				ENABLE_TESTABILITY = YES;
				GCC_C_LANGUAGE_STANDARD = gnu11;
				GCC_DYNAMIC_NO_PIC = NO;
				GCC_NO_COMMON_BLOCKS = YES;
				GCC_OPTIMIZATION_LEVEL = 0;
				GCC_PREPROCESSOR_DEFINITIONS = (
					"DEBUG=1",
					"$(inherited)",
				);
				GCC_WARN_64_TO_32_BIT_CONVERSION = YES;
				GCC_WARN_ABOUT_RETURN_TYPE = YES_ERROR;
				GCC_WARN_UNDECLARED_SELECTOR = YES;
				GCC_WARN_UNINITIALIZED_AUTOS = YES_AGGRESSIVE;
				GCC_WARN_UNUSED_FUNCTION = YES;
				GCC_WARN_UNUSED_VARIABLE = YES;
				IPHONEOS_DEPLOYMENT_TARGET = 15.5;
				MTL_ENABLE_DEBUG_INFO = INCLUDE_SOURCE;
				MTL_FAST_MATH = YES;
				ONLY_ACTIVE_ARCH = YES;
				SDKROOT = iphoneos;
				SWIFT_ACTIVE_COMPILATION_CONDITIONS = DEBUG;
				SWIFT_OPTIMIZATION_LEVEL = "-Onone";
				VERSIONING_SYSTEM = "apple-generic";
				VERSION_INFO_PREFIX = "";
			};
			name = Debug;
		};
		9FEC6DB128B469880056914B /* Release */ = {
			isa = XCBuildConfiguration;
			buildSettings = {
				ALWAYS_SEARCH_USER_PATHS = NO;
				CLANG_ANALYZER_NONNULL = YES;
				CLANG_ANALYZER_NUMBER_OBJECT_CONVERSION = YES_AGGRESSIVE;
				CLANG_CXX_LANGUAGE_STANDARD = "gnu++17";
				CLANG_ENABLE_MODULES = YES;
				CLANG_ENABLE_OBJC_ARC = YES;
				CLANG_ENABLE_OBJC_WEAK = YES;
				CLANG_WARN_BLOCK_CAPTURE_AUTORELEASING = YES;
				CLANG_WARN_BOOL_CONVERSION = YES;
				CLANG_WARN_COMMA = YES;
				CLANG_WARN_CONSTANT_CONVERSION = YES;
				CLANG_WARN_DEPRECATED_OBJC_IMPLEMENTATIONS = YES;
				CLANG_WARN_DIRECT_OBJC_ISA_USAGE = YES_ERROR;
				CLANG_WARN_DOCUMENTATION_COMMENTS = YES;
				CLANG_WARN_EMPTY_BODY = YES;
				CLANG_WARN_ENUM_CONVERSION = YES;
				CLANG_WARN_INFINITE_RECURSION = YES;
				CLANG_WARN_INT_CONVERSION = YES;
				CLANG_WARN_NON_LITERAL_NULL_CONVERSION = YES;
				CLANG_WARN_OBJC_IMPLICIT_RETAIN_SELF = YES;
				CLANG_WARN_OBJC_LITERAL_CONVERSION = YES;
				CLANG_WARN_OBJC_ROOT_CLASS = YES_ERROR;
				CLANG_WARN_QUOTED_INCLUDE_IN_FRAMEWORK_HEADER = YES;
				CLANG_WARN_RANGE_LOOP_ANALYSIS = YES;
				CLANG_WARN_STRICT_PROTOTYPES = YES;
				CLANG_WARN_SUSPICIOUS_MOVE = YES;
				CLANG_WARN_UNGUARDED_AVAILABILITY = YES_AGGRESSIVE;
				CLANG_WARN_UNREACHABLE_CODE = YES;
				CLANG_WARN__DUPLICATE_METHOD_MATCH = YES;
				COPY_PHASE_STRIP = NO;
				CURRENT_PROJECT_VERSION = 1;
				DEBUG_INFORMATION_FORMAT = "dwarf-with-dsym";
				ENABLE_NS_ASSERTIONS = NO;
				ENABLE_STRICT_OBJC_MSGSEND = YES;
				GCC_C_LANGUAGE_STANDARD = gnu11;
				GCC_NO_COMMON_BLOCKS = YES;
				GCC_WARN_64_TO_32_BIT_CONVERSION = YES;
				GCC_WARN_ABOUT_RETURN_TYPE = YES_ERROR;
				GCC_WARN_UNDECLARED_SELECTOR = YES;
				GCC_WARN_UNINITIALIZED_AUTOS = YES_AGGRESSIVE;
				GCC_WARN_UNUSED_FUNCTION = YES;
				GCC_WARN_UNUSED_VARIABLE = YES;
				IPHONEOS_DEPLOYMENT_TARGET = 15.5;
				MTL_ENABLE_DEBUG_INFO = NO;
				MTL_FAST_MATH = YES;
				SDKROOT = iphoneos;
				SWIFT_COMPILATION_MODE = wholemodule;
				SWIFT_OPTIMIZATION_LEVEL = "-O";
				VALIDATE_PRODUCT = YES;
				VERSIONING_SYSTEM = "apple-generic";
				VERSION_INFO_PREFIX = "";
			};
			name = Release;
		};
		9FEC6DB328B469880056914B /* Debug */ = {
			isa = XCBuildConfiguration;
			buildSettings = {
				CODE_SIGN_STYLE = Automatic;
				CURRENT_PROJECT_VERSION = 1;
				DEFINES_MODULE = YES;
				DEVELOPMENT_TEAM = YB4NRP4L3U;
				DYLIB_COMPATIBILITY_VERSION = 1;
				DYLIB_CURRENT_VERSION = 1;
				DYLIB_INSTALL_NAME_BASE = "@rpath";
				GENERATE_INFOPLIST_FILE = YES;
				INFOPLIST_KEY_NSHumanReadableCopyright = "";
				INSTALL_PATH = "$(LOCAL_LIBRARY_DIR)/Frameworks";
				LD_RUNPATH_SEARCH_PATHS = (
					"$(inherited)",
					"@executable_path/Frameworks",
					"@loader_path/Frameworks",
				);
				MARKETING_VERSION = 1.0;
				PRODUCT_BUNDLE_IDENTIFIER = oxtech.SwiftyForms;
				PRODUCT_NAME = "$(TARGET_NAME:c99extidentifier)";
				SKIP_INSTALL = YES;
				SWIFT_EMIT_LOC_STRINGS = YES;
				SWIFT_VERSION = 5.0;
				TARGETED_DEVICE_FAMILY = "1,2";
			};
			name = Debug;
		};
		9FEC6DB428B469880056914B /* Release */ = {
			isa = XCBuildConfiguration;
			buildSettings = {
				CODE_SIGN_STYLE = Automatic;
				CURRENT_PROJECT_VERSION = 1;
				DEFINES_MODULE = YES;
				DEVELOPMENT_TEAM = YB4NRP4L3U;
				DYLIB_COMPATIBILITY_VERSION = 1;
				DYLIB_CURRENT_VERSION = 1;
				DYLIB_INSTALL_NAME_BASE = "@rpath";
				GENERATE_INFOPLIST_FILE = YES;
				INFOPLIST_KEY_NSHumanReadableCopyright = "";
				INSTALL_PATH = "$(LOCAL_LIBRARY_DIR)/Frameworks";
				LD_RUNPATH_SEARCH_PATHS = (
					"$(inherited)",
					"@executable_path/Frameworks",
					"@loader_path/Frameworks",
				);
				MARKETING_VERSION = 1.0;
				PRODUCT_BUNDLE_IDENTIFIER = oxtech.SwiftyForms;
				PRODUCT_NAME = "$(TARGET_NAME:c99extidentifier)";
				SKIP_INSTALL = YES;
				SWIFT_EMIT_LOC_STRINGS = YES;
				SWIFT_VERSION = 5.0;
				TARGETED_DEVICE_FAMILY = "1,2";
			};
			name = Release;
		};
		9FEC6DB628B469880056914B /* Debug */ = {
			isa = XCBuildConfiguration;
			buildSettings = {
				CODE_SIGN_STYLE = Automatic;
				CURRENT_PROJECT_VERSION = 1;
				DEVELOPMENT_TEAM = YB4NRP4L3U;
				GENERATE_INFOPLIST_FILE = YES;
				MARKETING_VERSION = 1.0;
				PRODUCT_BUNDLE_IDENTIFIER = oxtech.SwiftyFormsTests;
				PRODUCT_NAME = "$(TARGET_NAME)";
				SWIFT_EMIT_LOC_STRINGS = NO;
				SWIFT_VERSION = 5.0;
				TARGETED_DEVICE_FAMILY = "1,2";
			};
			name = Debug;
		};
		9FEC6DB728B469880056914B /* Release */ = {
			isa = XCBuildConfiguration;
			buildSettings = {
				CODE_SIGN_STYLE = Automatic;
				CURRENT_PROJECT_VERSION = 1;
				DEVELOPMENT_TEAM = YB4NRP4L3U;
				GENERATE_INFOPLIST_FILE = YES;
				MARKETING_VERSION = 1.0;
				PRODUCT_BUNDLE_IDENTIFIER = oxtech.SwiftyFormsTests;
				PRODUCT_NAME = "$(TARGET_NAME)";
				SWIFT_EMIT_LOC_STRINGS = NO;
				SWIFT_VERSION = 5.0;
				TARGETED_DEVICE_FAMILY = "1,2";
			};
			name = Release;
		};
/* End XCBuildConfiguration section */

/* Begin XCConfigurationList section */
		9FEC6D9828B469880056914B /* Build configuration list for PBXProject "SwiftyForms" */ = {
			isa = XCConfigurationList;
			buildConfigurations = (
				9FEC6DB028B469880056914B /* Debug */,
				9FEC6DB128B469880056914B /* Release */,
			);
			defaultConfigurationIsVisible = 0;
			defaultConfigurationName = Release;
		};
		9FEC6DB228B469880056914B /* Build configuration list for PBXNativeTarget "SwiftyForms" */ = {
			isa = XCConfigurationList;
			buildConfigurations = (
				9FEC6DB328B469880056914B /* Debug */,
				9FEC6DB428B469880056914B /* Release */,
			);
			defaultConfigurationIsVisible = 0;
			defaultConfigurationName = Release;
		};
		9FEC6DB528B469880056914B /* Build configuration list for PBXNativeTarget "SwiftyFormsTests" */ = {
			isa = XCConfigurationList;
			buildConfigurations = (
				9FEC6DB628B469880056914B /* Debug */,
				9FEC6DB728B469880056914B /* Release */,
			);
			defaultConfigurationIsVisible = 0;
			defaultConfigurationName = Release;
		};
/* End XCConfigurationList section */
	};
	rootObject = 9FEC6D9528B469880056914B /* Project object */;
}
